<?xml version="1.0" encoding="utf-8"?>
<Project ToolsVersion="4.0" xmlns="http://schemas.microsoft.com/developer/msbuild/2003">
  <ItemGroup>
    <Filter Include="源文件">
      <UniqueIdentifier>{4FC737F1-C7A5-4376-A066-2A32D752A2FF}</UniqueIdentifier>
      <Extensions>cpp;c;cc;cxx;def;odl;idl;hpj;bat;asm;asmx</Extensions>
    </Filter>
    <Filter Include="头文件">
      <UniqueIdentifier>{93995380-89BD-4b04-88EB-625FBE52EBFB}</UniqueIdentifier>
      <Extensions>h;hh;hpp;hxx;hm;inl;inc;xsd</Extensions>
    </Filter>
    <Filter Include="资源文件">
      <UniqueIdentifier>{67DA6AB6-F800-4c08-8B7A-83BB121AAD01}</UniqueIdentifier>
      <Extensions>rc;ico;cur;bmp;dlg;rc2;rct;bin;rgs;gif;jpg;jpeg;jpe;resx;tiff;tif;png;wav;mfcribbon-ms</Extensions>
    </Filter>
  </ItemGroup>
  <ItemGroup>
    <Text Include="ReadMe.txt" />
  </ItemGroup>
  <ItemGroup>
    <ClInclude Include="natchat.h">
      <Filter>头文件</Filter>
    </ClInclude>
    <ClInclude Include="natchatDlg.h">
      <Filter>头文件</Filter>
    </ClInclude>
    <ClInclude Include="stdafx.h">
      <Filter>头文件</Filter>
    </ClInclude>
    <ClInclude Include="targetver.h">
      <Filter>头文件</Filter>
    </ClInclude>
    <ClInclude Include="Resource.h">
      <Filter>头文件</Filter>
    </ClInclude>
    <ClInclude Include="PrivateMessageDlg.h">
      <Filter>头文件</Filter>
    </ClInclude>
    <ClInclude Include="RefreshingDlg.h">
      <Filter>头文件</Filter>
    </ClInclude>
    <ClInclude Include="PictureEx.h">
      <Filter>头文件</Filter>
    </ClInclude>
    <ClInclude Include="ChatService.h">
      <Filter>头文件</Filter>
    </ClInclude>
    <ClInclude Include="ConcurrentSender.h">
      <Filter>头文件</Filter>
    </ClInclude>
    <ClInclude Include="File.h">
      <Filter>头文件</Filter>
    </ClInclude>
    <ClInclude Include="MessageHeader.h">
      <Filter>头文件</Filter>
    </ClInclude>
    <ClInclude Include="ReceivingManager.h">
      <Filter>头文件</Filter>
    </ClInclude>
    <ClInclude Include="SendingManager.h">
      <Filter>头文件</Filter>
    </ClInclude>
    <ClInclude Include="TicToc.h">
      <Filter>头文件</Filter>
    </ClInclude>
  </ItemGroup>
  <ItemGroup>
    <ClCompile Include="natchat.cpp">
      <Filter>源文件</Filter>
    </ClCompile>
    <ClCompile Include="natchatDlg.cpp">
      <Filter>源文件</Filter>
    </ClCompile>
    <ClCompile Include="stdafx.cpp">
      <Filter>源文件</Filter>
    </ClCompile>
    <ClCompile Include="PrivateMessageDlg.cpp">
      <Filter>源文件</Filter>
    </ClCompile>
    <ClCompile Include="RefreshingDlg.cpp">
      <Filter>源文件</Filter>
    </ClCompile>
    <ClCompile Include="PictureEx.cpp">
      <Filter>源文件</Filter>
    </ClCompile>
    <ClCompile Include="ChatService.cpp">
      <Filter>源文件</Filter>
    </ClCompile>
    <ClCompile Include="ConcurrentSender.cpp">
      <Filter>源文件</Filter>
    </ClCompile>
    <ClCompile Include="File.cpp">
      <Filter>源文件</Filter>
    </ClCompile>
    <ClCompile Include="ReceivingManager.cpp">
      <Filter>源文件</Filter>
    </ClCompile>
    <ClCompile Include="SendingManager.cpp">
      <Filter>源文件</Filter>
    </ClCompile>
    <ClCompile Include="TicToc.cpp">
      <Filter>源文件</Filter>
    </ClCompile>
  </ItemGroup>
  <ItemGroup>
    <ResourceCompile Include="natchat.rc">
      <Filter>资源文件</Filter>
    </ResourceCompile>
  </ItemGroup>
  <ItemGroup>
    <None Include="res\natchat.rc2">
      <Filter>资源文件</Filter>
    </None>
  </ItemGroup>
  <ItemGroup>
    <Image Include="res\natchat.ico">
      <Filter>资源文件</Filter>
    </Image>
    <Image Include="emoji.gif">
      <Filter>资源文件</Filter>
    </Image>
    <Image Include="loading.gif">
      <Filter>资源文件</Filter>
    </Image>
    <Image Include="send.gif">
      <Filter>资源文件</Filter>
    </Image>
    <Image Include="res\plane.ico">
      <Filter>资源文件</Filter>
    </Image>
  </ItemGroup>
</Project>